
Microsoft Visual Studio Solution File, Format Version 12.00
# Visual Studio Version 17
VisualStudioVersion = 17.13.35828.75 d17.13
MinimumVisualStudioVersion = 10.0.40219.1
Project("{FAE04EC0-301F-11D3-BF4B-00C04F79EFBC}") = "FlexiReport", "FlexiReport.csproj", "{958386C2-9876-44D6-8531-B2656F4C3385}"
EndProject
Global
	GlobalSection(SolutionConfigurationPlatforms) = preSolution
		Debug|Any CPU = Debug|Any CPU
		Release|Any CPU = Release|Any CPU
	EndGlobalSection
	GlobalSection(ProjectConfigurationPlatforms) = postSolution
		{958386C2-9876-44D6-8531-B2656F4C3385}.Debug|Any CPU.ActiveCfg = Debug|Any CPU
		{958386C2-9876-44D6-8531-B2656F4C3385}.Debug|Any CPU.Build.0 = Debug|Any CPU
		{958386C2-9876-44D6-8531-B2656F4C3385}.Release|Any CPU.ActiveCfg = Release|Any CPU
		{958386C2-9876-44D6-8531-B2656F4C3385}.Release|Any CPU.Build.0 = Release|Any CPU
	EndGlobalSection
	GlobalSection(SolutionProperties) = preSolution
		HideSolutionNode = FALSE
	EndGlobalSection
	GlobalSection(ExtensibilityGlobals) = postSolution
		SolutionGuid = {12D654F3-C44A-4D5E-BC20-8127465C1E7F}
	EndGlobalSection
EndGlobal
